// !$*UTF8*$!
{
	archiveVersion = 1;
	classes = {
	};
	objectVersion = 56;
	objects = {

/* Begin PBXBuildFile section */
		A1000008295A0A1B00000001 /* main.swift in Sources */ = {isa = PBXBuildFile; fileRef = A1000007295A0A1B00000001 /* main.swift */; };
		A100000B295A0A1D00000001 /* Assets.xcassets in Resources */ = {isa = PBXBuildFile; fileRef = A100000A295A0A1D00000001 /* Assets.xcassets */; };
		A1000016295A0A1D00000001 /* AppDelegate.swift in Sources */ = {isa = PBXBuildFile; fileRef = A1000015295A0A1D00000001 /* AppDelegate.swift */; };
		A1000018295A0A1D00000001 /* ViewController.swift in Sources */ = {isa = PBXBuildFile; fileRef = A1000017295A0A1D00000001 /* ViewController.swift */; };
		A100001A295A0A1D00000001 /* WindowCaptureManager.swift in Sources */ = {isa = PBXBuildFile; fileRef = A1000019295A0A1D00000001 /* WindowCaptureManager.swift */; };
		A100001C295A0A1D00000001 /* CustomViews.swift in Sources */ = {isa = PBXBuildFile; fileRef = A100001B295A0A1D00000001 /* CustomViews.swift */; };
		A100001E295A0A1D00000001 /* UIControlRegistry.swift in Sources */ = {isa = PBXBuildFile; fileRef = A100001D295A0A1D00000001 /* UIControlRegistry.swift */; };
		A1000020295A0A1D00000001 /* ControlPanelViewController.swift in Sources */ = {isa = PBXBuildFile; fileRef = A100001F295A0A1D00000001 /* ControlPanelViewController.swift */; };
/* End PBXBuildFile section */

/* Begin PBXFileReference section */
		A0FFFFFD295A0A1B00000001 /* GlassView.app */ = {isa = PBXFileReference; explicitFileType = wrapper.application; includeInIndex = 0; path = GlassView.app; sourceTree = BUILT_PRODUCTS_DIR; };
		A1000007295A0A1B00000001 /* main.swift */ = {isa = PBXFileReference; lastKnownFileType = sourcecode.swift; path = main.swift; sourceTree = "<group>"; };
		A100000A295A0A1D00000001 /* Assets.xcassets */ = {isa = PBXFileReference; lastKnownFileType = folder.assetcatalog; path = Assets.xcassets; sourceTree = "<group>"; };
		A100000F295A0A1D00000001 /* Info.plist */ = {isa = PBXFileReference; lastKnownFileType = text.plist.xml; path = Info.plist; sourceTree = "<group>"; };
		A1000010295A0A1D00000001 /* GlassView.entitlements */ = {isa = PBXFileReference; lastKnownFileType = text.plist.entitlements; path = GlassView.entitlements; sourceTree = "<group>"; };
		A1000015295A0A1D00000001 /* AppDelegate.swift */ = {isa = PBXFileReference; lastKnownFileType = sourcecode.swift; path = AppDelegate.swift; sourceTree = "<group>"; };
		A1000017295A0A1D00000001 /* ViewController.swift */ = {isa = PBXFileReference; lastKnownFileType = sourcecode.swift; path = ViewController.swift; sourceTree = "<group>"; };
		A1000019295A0A1D00000001 /* WindowCaptureManager.swift */ = {isa = PBXFileReference; lastKnownFileType = sourcecode.swift; path = WindowCaptureManager.swift; sourceTree = "<group>"; };
		A100001B295A0A1D00000001 /* CustomViews.swift */ = {isa = PBXFileReference; lastKnownFileType = sourcecode.swift; path = CustomViews.swift; sourceTree = "<group>"; };
		A100001D295A0A1D00000001 /* UIControlRegistry.swift */ = {isa = PBXFileReference; lastKnownFileType = sourcecode.swift; path = UIControlRegistry.swift; sourceTree = "<group>"; };
		A100001F295A0A1D00000001 /* ControlPanelViewController.swift */ = {isa = PBXFileReference; lastKnownFileType = sourcecode.swift; path = ControlPanelViewController.swift; sourceTree = "<group>"; };
/* End PBXFileReference section */

/* Begin PBXFrameworksBuildPhase section */
		A0FFFFFA295A0A1B00000001 /* Frameworks */ = {
			isa = PBXFrameworksBuildPhase;
			buildActionMask = 2147483647;
			files = (
			);
			runOnlyForDeploymentPostprocessing = 0;
		};
/* End PBXFrameworksBuildPhase section */

/* Begin PBXGroup section */
		A0FFFFF4295A0A1B00000001 = {
			isa = PBXGroup;
			children = (
				A0FFFFFF295A0A1B00000001 /* GlassView */,
				A0FFFFFE295A0A1B00000001 /* Products */,
			);
			sourceTree = "<group>";
		};
		A0FFFFFE295A0A1B00000001 /* Products */ = {
			isa = PBXGroup;
			children = (
				A0FFFFFD295A0A1B00000001 /* GlassView.app */,
			);
			name = Products;
			sourceTree = "<group>";
		};
		A0FFFFFF295A0A1B00000001 /* GlassView */ = {
			isa = PBXGroup;
			children = (
				A1000007295A0A1B00000001 /* main.swift */,
				A1000015295A0A1D00000001 /* AppDelegate.swift */,
				A1000017295A0A1D00000001 /* ViewController.swift */,
				A100001F295A0A1D00000001 /* ControlPanelViewController.swift */,
				A1000019295A0A1D00000001 /* WindowCaptureManager.swift */,
				A100001B295A0A1D00000001 /* CustomViews.swift */,
				A100001D295A0A1D00000001 /* UIControlRegistry.swift */,
				A100000A295A0A1D00000001 /* Assets.xcassets */,
				A100000F295A0A1D00000001 /* Info.plist */,
				A1000010295A0A1D00000001 /* GlassView.entitlements */,
			);
			path = GlassView;
			sourceTree = "<group>";
		};
/* End PBXGroup section */

/* Begin PBXNativeTarget section */
		A0FFFFFC295A0A1B00000001 /* GlassView */ = {
			isa = PBXNativeTarget;
			buildConfigurationList = A1000001295A0A1D00000001 /* Build configuration list for PBXNativeTarget "GlassView" */;
			buildPhases = (
				A0FFFFF9295A0A1B00000001 /* Sources */,
				A0FFFFFA295A0A1B00000001 /* Frameworks */,
				A0FFFFFB295A0A1B00000001 /* Resources */,
			);
			buildRules = (
			);
			dependencies = (
			);
			name = GlassView;
			productName = GlassView;
			productReference = A0FFFFFD295A0A1B00000001 /* GlassView.app */;
			productType = "com.apple.product-type.application";
		};
/* End PBXNativeTarget section */

/* Begin PBXProject section */
		A0FFFFF5295A0A1B00000001 /* Project object */ = {
			isa = PBXProject;
			attributes = {
				BuildIndependentTargetsInParallel = 1;
				LastSwiftUpdateCheck = 1500;
				LastUpgradeCheck = 1640;
				TargetAttributes = {
					A0FFFFFC295A0A1B00000001 = {
						CreatedOnToolsVersion = 15.0;
					};
				};
			};
			buildConfigurationList = A0FFFFF8295A0A1B00000001 /* Build configuration list for PBXProject "GlassView" */;
			compatibilityVersion = "Xcode 14.0";
			developmentRegion = en;
			hasScannedForEncodings = 0;
			knownRegions = (
				en,
				Base,
			);
			mainGroup = A0FFFFF4295A0A1B00000001;
			productRefGroup = A0FFFFFE295A0A1B00000001 /* Products */;
			projectDirPath = "";
			projectRoot = "";
			targets = (
				A0FFFFFC295A0A1B00000001 /* GlassView */,
			);
		};
/* End PBXProject section */

/* Begin PBXResourcesBuildPhase section */
		A0FFFFFB295A0A1B00000001 /* Resources */ = {
			isa = PBXResourcesBuildPhase;
			buildActionMask = 2147483647;
			files = (
				A100000B295A0A1D00000001 /* Assets.xcassets in Resources */,
			);
			runOnlyForDeploymentPostprocessing = 0;
		};
/* End PBXResourcesBuildPhase section */

/* Begin PBXSourcesBuildPhase section */
		A0FFFFF9295A0A1B00000001 /* Sources */ = {
			isa = PBXSourcesBuildPhase;
			buildActionMask = 2147483647;
			files = (
				A1000008295A0A1B00000001 /* main.swift in Sources */,
				A1000016295A0A1D00000001 /* AppDelegate.swift in Sources */,
				A1000018295A0A1D00000001 /* ViewController.swift in Sources */,
				A1000020295A0A1D00000001 /* ControlPanelViewController.swift in Sources */,
				A100001A295A0A1D00000001 /* WindowCaptureManager.swift in Sources */,
				A100001C295A0A1D00000001 /* CustomViews.swift in Sources */,
				A100001E295A0A1D00000001 /* UIControlRegistry.swift in Sources */,
			);
			runOnlyForDeploymentPostprocessing = 0;
		};
/* End PBXSourcesBuildPhase section */

/* Begin XCBuildConfiguration section */
		A0FFFFFF295A0A1D00000001 /* Debug */ = {
			isa = XCBuildConfiguration;
			buildSettings = {
				ALWAYS_SEARCH_USER_PATHS = NO;
				CLANG_ANALYZER_NONNULL = YES;
				CLANG_ANALYZER_NUMBER_OBJECT_CONVERSION = YES_AGGRESSIVE;
				CLANG_CXX_LANGUAGE_STANDARD = "gnu++20";
				CLANG_ENABLE_MODULES = YES;
				CLANG_ENABLE_OBJC_ARC = YES;
				CLANG_ENABLE_OBJC_WEAK = YES;
				CLANG_WARN_BLOCK_CAPTURE_AUTORELEASING = YES;
				CLANG_WARN_BOOL_CONVERSION = YES;
				CLANG_WARN_COMMA = YES;
				CLANG_WARN_CONSTANT_CONVERSION = YES;
				CLANG_WARN_DEPRECATED_OBJC_IMPLEMENTATIONS = YES;
				CLANG_WARN_DIRECT_OBJC_ISA_USAGE = YES_ERROR;
				CLANG_WARN_DOCUMENTATION_COMMENTS = YES;
				CLANG_WARN_EMPTY_BODY = YES;
				CLANG_WARN_ENUM_CONVERSION = YES;
				CLANG_WARN_INFINITE_RECURSION = YES;
				CLANG_WARN_INT_CONVERSION = YES;
				CLANG_WARN_NON_LITERAL_NULL_CONVERSION = YES;
				CLANG_WARN_OBJC_IMPLICIT_RETAIN_SELF = YES;
				CLANG_WARN_OBJC_LITERAL_CONVERSION = YES;
				CLANG_WARN_OBJC_ROOT_CLASS = YES_ERROR;
				CLANG_WARN_QUOTED_INCLUDE_IN_FRAMEWORK_HEADER = YES;
				CLANG_WARN_RANGE_LOOP_ANALYSIS = YES;
				CLANG_WARN_STRICT_PROTOTYPES = YES;
				CLANG_WARN_SUSPICIOUS_MOVE = YES;
				CLANG_WARN_UNGUARDED_AVAILABILITY = YES_AGGRESSIVE;
				CLANG_WARN_UNREACHABLE_CODE = YES;
				CLANG_WARN__DUPLICATE_METHOD_MATCH = YES;
				COPY_PHASE_STRIP = NO;
				DEAD_CODE_STRIPPING = YES;
				DEBUG_INFORMATION_FORMAT = dwarf;
				ENABLE_STRICT_OBJC_MSGSEND = YES;
				ENABLE_TESTABILITY = YES;
				ENABLE_USER_SCRIPT_SANDBOXING = YES;
				GCC_C_LANGUAGE_STANDARD = gnu11;
				GCC_DYNAMIC_NO_PIC = NO;
				GCC_NO_COMMON_BLOCKS = YES;
				GCC_OPTIMIZATION_LEVEL = 0;
				GCC_PREPROCESSOR_DEFINITIONS = (
					"DEBUG=1",
					"$(inherited)",
				);
				GCC_WARN_64_TO_32_BIT_CONVERSION = YES;
				GCC_WARN_ABOUT_RETURN_TYPE = YES_ERROR;
				GCC_WARN_UNDECLARED_SELECTOR = YES;
				GCC_WARN_UNINITIALIZED_AUTOS = YES_AGGRESSIVE;
				GCC_WARN_UNUSED_FUNCTION = YES;
				GCC_WARN_UNUSED_VARIABLE = YES;
				MACOSX_DEPLOYMENT_TARGET = 12.3;
				MTL_ENABLE_DEBUG_INFO = INCLUDE_SOURCE;
				MTL_FAST_MATH = YES;
				ONLY_ACTIVE_ARCH = YES;
				SDKROOT = macosx;
				SWIFT_ACTIVE_COMPILATION_CONDITIONS = DEBUG;
				SWIFT_OPTIMIZATION_LEVEL = "-Onone";
			};
			name = Debug;
		};
		A1000000295A0A1D00000001 /* Release */ = {
			isa = XCBuildConfiguration;
			buildSettings = {
				ALWAYS_SEARCH_USER_PATHS = NO;
				CLANG_ANALYZER_NONNULL = YES;
				CLANG_ANALYZER_NUMBER_OBJECT_CONVERSION = YES_AGGRESSIVE;
				CLANG_CXX_LANGUAGE_STANDARD = "gnu++20";
				CLANG_ENABLE_MODULES = YES;
				CLANG_ENABLE_OBJC_ARC = YES;
				CLANG_ENABLE_OBJC_WEAK = YES;
				CLANG_WARN_BLOCK_CAPTURE_AUTORELEASING = YES;
				CLANG_WARN_BOOL_CONVERSION = YES;
				CLANG_WARN_COMMA = YES;
				CLANG_WARN_CONSTANT_CONVERSION = YES;
				CLANG_WARN_DEPRECATED_OBJC_IMPLEMENTATIONS = YES;
				CLANG_WARN_DIRECT_OBJC_ISA_USAGE = YES_ERROR;
				CLANG_WARN_DOCUMENTATION_COMMENTS = YES;
				CLANG_WARN_EMPTY_BODY = YES;
				CLANG_WARN_ENUM_CONVERSION = YES;
				CLANG_WARN_INFINITE_RECURSION = YES;
				CLANG_WARN_INT_CONVERSION = YES;
				CLANG_WARN_NON_LITERAL_NULL_CONVERSION = YES;
				CLANG_WARN_OBJC_IMPLICIT_RETAIN_SELF = YES;
				CLANG_WARN_OBJC_LITERAL_CONVERSION = YES;
				CLANG_WARN_OBJC_ROOT_CLASS = YES_ERROR;
				CLANG_WARN_QUOTED_INCLUDE_IN_FRAMEWORK_HEADER = YES;
				CLANG_WARN_RANGE_LOOP_ANALYSIS = YES;
				CLANG_WARN_STRICT_PROTOTYPES = YES;
				CLANG_WARN_SUSPICIOUS_MOVE = YES;
				CLANG_WARN_UNGUARDED_AVAILABILITY = YES_AGGRESSIVE;
				CLANG_WARN_UNREACHABLE_CODE = YES;
				CLANG_WARN__DUPLICATE_METHOD_MATCH = YES;
				COPY_PHASE_STRIP = NO;
				DEAD_CODE_STRIPPING = YES;
				DEBUG_INFORMATION_FORMAT = "dwarf-with-dsym";
				ENABLE_NS_ASSERTIONS = NO;
				ENABLE_STRICT_OBJC_MSGSEND = YES;
				ENABLE_USER_SCRIPT_SANDBOXING = YES;
				GCC_C_LANGUAGE_STANDARD = gnu11;
				GCC_NO_COMMON_BLOCKS = YES;
				GCC_WARN_64_TO_32_BIT_CONVERSION = YES;
				GCC_WARN_ABOUT_RETURN_TYPE = YES_ERROR;
				GCC_WARN_UNDECLARED_SELECTOR = YES;
				GCC_WARN_UNINITIALIZED_AUTOS = YES_AGGRESSIVE;
				GCC_WARN_UNUSED_FUNCTION = YES;
				GCC_WARN_UNUSED_VARIABLE = YES;
				MACOSX_DEPLOYMENT_TARGET = 12.3;
				MTL_ENABLE_DEBUG_INFO = NO;
				MTL_FAST_MATH = YES;
				SDKROOT = macosx;
				SWIFT_COMPILATION_MODE = wholemodule;
				SWIFT_OPTIMIZATION_LEVEL = "-O";
			};
			name = Release;
		};
		A1000002295A0A1D00000001 /* Debug */ = {
			isa = XCBuildConfiguration;
			buildSettings = {
				ASSETCATALOG_COMPILER_APPICON_NAME = AppIcon;
				ASSETCATALOG_COMPILER_GLOBAL_ACCENT_COLOR_NAME = AccentColor;
				CODE_SIGN_ENTITLEMENTS = GlassView/GlassView.entitlements;
				"CODE_SIGN_IDENTITY[sdk=*]" = "Apple Development: egawa.takashi@gmail.com (KN54XG2952)";
				"CODE_SIGN_IDENTITY[sdk=macosx*]" = "Apple Development";
				CODE_SIGN_STYLE = Automatic;
				COMBINE_HIDPI_IMAGES = YES;
				CURRENT_PROJECT_VERSION = 1;
				DEAD_CODE_STRIPPING = YES;
				DEVELOPMENT_TEAM = 4YHG58CR52;
				GENERATE_INFOPLIST_FILE = NO;
				INFOPLIST_FILE = GlassView/Info.plist;
				INFOPLIST_KEY_CFBundleDisplayName = GlassView;
				INFOPLIST_KEY_LSApplicationCategoryType = "public.app-category.utilities";
				INFOPLIST_KEY_NSHumanReadableCopyright = "";
				LD_RUNPATH_SEARCH_PATHS = (
					"$(inherited)",
					"@executable_path/../Frameworks",
				);
				MARKETING_VERSION = 0.2;
				PRODUCT_BUNDLE_IDENTIFIER = tokyo.egawata.GlassView;
				PRODUCT_NAME = GlassView;
				SWIFT_EMIT_LOC_STRINGS = YES;
				SWIFT_VERSION = 5.0;
			};
			name = Debug;
		};
		A1000003295A0A1D00000001 /* Release */ = {
			isa = XCBuildConfiguration;
			buildSettings = {
				ASSETCATALOG_COMPILER_APPICON_NAME = AppIcon;
				ASSETCATALOG_COMPILER_GLOBAL_ACCENT_COLOR_NAME = AccentColor;
				CODE_SIGN_ENTITLEMENTS = GlassView/GlassView.entitlements;
				CODE_SIGN_IDENTITY = "Apple Development";
				CODE_SIGN_STYLE = Automatic;
				COMBINE_HIDPI_IMAGES = YES;
				CURRENT_PROJECT_VERSION = 1;
				DEAD_CODE_STRIPPING = YES;
				DEVELOPMENT_TEAM = 4YHG58CR52;
				GENERATE_INFOPLIST_FILE = NO;
				INFOPLIST_FILE = GlassView/Info.plist;
				INFOPLIST_KEY_CFBundleDisplayName = GlassView;
				INFOPLIST_KEY_LSApplicationCategoryType = "public.app-category.utilities";
				INFOPLIST_KEY_NSHumanReadableCopyright = "";
				LD_RUNPATH_SEARCH_PATHS = (
					"$(inherited)",
					"@executable_path/../Frameworks",
				);
				MARKETING_VERSION = 0.2;
				PRODUCT_BUNDLE_IDENTIFIER = tokyo.egawata.GlassView;
				PRODUCT_NAME = GlassView;
				PROVISIONING_PROFILE_SPECIFIER = "";
				SWIFT_EMIT_LOC_STRINGS = YES;
				SWIFT_VERSION = 5.0;
			};
			name = Release;
		};
/* End XCBuildConfiguration section */

/* Begin XCConfigurationList section */
		A0FFFFF8295A0A1B00000001 /* Build configuration list for PBXProject "GlassView" */ = {
			isa = XCConfigurationList;
			buildConfigurations = (
				A0FFFFFF295A0A1D00000001 /* Debug */,
				A1000000295A0A1D00000001 /* Release */,
			);
			defaultConfigurationIsVisible = 0;
			defaultConfigurationName = Release;
		};
		A1000001295A0A1D00000001 /* Build configuration list for PBXNativeTarget "GlassView" */ = {
			isa = XCConfigurationList;
			buildConfigurations = (
				A1000002295A0A1D00000001 /* Debug */,
				A1000003295A0A1D00000001 /* Release */,
			);
			defaultConfigurationIsVisible = 0;
			defaultConfigurationName = Release;
		};
/* End XCConfigurationList section */
	};
	rootObject = A0FFFFF5295A0A1B00000001 /* Project object */;
}
